
Microsoft Visual Studio Solution File, Format Version 12.00
# Visual Studio 2015
Project("{FAE04EC0-301F-11D3-BF4B-00C04F79EFBC}") = "SecondMygame", "SecondMygame.csproj", "{00CBD2AC-A16A-CB01-9D69-900C1179AE6E}"
EndProject
Global
	GlobalSection(SolutionConfigurationPlatforms) = preSolution
		Debug|Any CPU = Debug|Any CPU
		Release|Any CPU = Release|Any CPU
	EndGlobalSection
	GlobalSection(ProjectConfigurationPlatforms) = postSolution
		{00CBD2AC-A16A-CB01-9D69-900C1179AE6E}.Debug|Any CPU.ActiveCfg = Debug|Any CPU
		{00CBD2AC-A16A-CB01-9D69-900C1179AE6E}.Debug|Any CPU.Build.0 = Debug|Any CPU
		{00CBD2AC-A16A-CB01-9D69-900C1179AE6E}.Release|Any CPU.ActiveCfg = Release|Any CPU
		{00CBD2AC-A16A-CB01-9D69-900C1179AE6E}.Release|Any CPU.Build.0 = Release|Any CPU
	EndGlobalSection
	GlobalSection(SolutionProperties) = preSolution
		HideSolutionNode = FALSE
	EndGlobalSection
EndGlobal
